{
  "version": 4,
  "terraform_version": "1.1.0",
  "serial": 1,
  "lineage": "f44d678a-daac-5389-b1c7-252a1c118053",
  "outputs": {},
  "resources": [
    {
      "mode": "managed",
      "type": "random_string",
      "name": "random",
      "provider": "provider[\"registry.terraform.io/hashicorp/random\"]",
      "instances": [
        {
          "schema_version": 2,
          "attributes": {
            "id": "dGvB=W#P4ohmfia=",
            "keepers": null,
            "length": 16,
            "lower": true,
            "min_lower": 0,
            "min_numeric": 0,
            "min_special": 0,
            "min_upper": 0,
            "number": true,
            "numeric": true,
            "override_special": null,
            "result": "dGvB=W#P4ohmfia=",
            "special": true,
            "upper": true
          },
          "sensitive_attributes": []
        }
      ]
    }
  ]
}
